
Microsoft Visual Studio Solution File, Format Version 12.00
# Visual Studio Version 17
VisualStudioVersion = 17.14.36310.24 d17.14
MinimumVisualStudioVersion = 10.0.40219.1
Project("{FAE04EC0-301F-11D3-BF4B-00C04F79EFBC}") = "ruapApp", "ruapApp.csproj", "{5F3123D6-D5F4-4C59-9AA2-C935BC59507D}"
EndProject
Global
	GlobalSection(SolutionConfigurationPlatforms) = preSolution
		Debug|Any CPU = Debug|Any CPU
		Release|Any CPU = Release|Any CPU
	EndGlobalSection
	GlobalSection(ProjectConfigurationPlatforms) = postSolution
		{5F3123D6-D5F4-4C59-9AA2-C935BC59507D}.Debug|Any CPU.ActiveCfg = Debug|Any CPU
		{5F3123D6-D5F4-4C59-9AA2-C935BC59507D}.Debug|Any CPU.Build.0 = Debug|Any CPU
		{5F3123D6-D5F4-4C59-9AA2-C935BC59507D}.Release|Any CPU.ActiveCfg = Release|Any CPU
		{5F3123D6-D5F4-4C59-9AA2-C935BC59507D}.Release|Any CPU.Build.0 = Release|Any CPU
	EndGlobalSection
	GlobalSection(SolutionProperties) = preSolution
		HideSolutionNode = FALSE
	EndGlobalSection
	GlobalSection(ExtensibilityGlobals) = postSolution
		SolutionGuid = {1A44D86D-CEA9-44AE-B418-7FF69E8E8994}
	EndGlobalSection
EndGlobal
